
Microsoft Visual Studio Solution File, Format Version 12.00
# Visual Studio Version 17
VisualStudioVersion = 17.5.002.0
MinimumVisualStudioVersion = 10.0.40219.1
Project("{9A19103F-16F7-4668-BE54-9A1E7A4F7556}") = "api", "api.csproj", "{7AFD4ACC-C268-4CCC-8882-232FC23B2095}"
EndProject
Global
	GlobalSection(SolutionConfigurationPlatforms) = preSolution
		Debug|Any CPU = Debug|Any CPU
		Release|Any CPU = Release|Any CPU
	EndGlobalSection
	GlobalSection(ProjectConfigurationPlatforms) = postSolution
		{7AFD4ACC-C268-4CCC-8882-232FC23B2095}.Debug|Any CPU.ActiveCfg = Debug|Any CPU
		{7AFD4ACC-C268-4CCC-8882-232FC23B2095}.Debug|Any CPU.Build.0 = Debug|Any CPU
		{7AFD4ACC-C268-4CCC-8882-232FC23B2095}.Release|Any CPU.ActiveCfg = Release|Any CPU
		{7AFD4ACC-C268-4CCC-8882-232FC23B2095}.Release|Any CPU.Build.0 = Release|Any CPU
	EndGlobalSection
	GlobalSection(SolutionProperties) = preSolution
		HideSolutionNode = FALSE
	EndGlobalSection
	GlobalSection(ExtensibilityGlobals) = postSolution
		SolutionGuid = {AB6614E8-4CC0-40DB-AD83-6EA0BD208195}
	EndGlobalSection
EndGlobal
